
Microsoft Visual Studio Solution File, Format Version 11.00
# Visual Studio 2010
Project("{8BC9CEB8-8B4A-11D0-8D11-00A0C91BC942}") = "Sensor", "Sensor\Sensor.vcxproj", "{505FAD3A-419D-474D-A0E7-012A7EFA6F83}"
	ProjectSection(ProjectDependencies) = postProject
		{6821BD88-9A32-4FD2-9494-A8CF54E4055F} = {6821BD88-9A32-4FD2-9494-A8CF54E4055F}
	EndProjectSection
EndProject
Project("{8BC9CEB8-8B4A-11D0-8D11-00A0C91BC942}") = "Storage", "Storage\Storage.vcxproj", "{16C8FFA7-6A25-430D-8CB0-9D7FE7FD03AB}"
	ProjectSection(ProjectDependencies) = postProject
		{6821BD88-9A32-4FD2-9494-A8CF54E4055F} = {6821BD88-9A32-4FD2-9494-A8CF54E4055F}
	EndProjectSection
EndProject
Project("{8BC9CEB8-8B4A-11D0-8D11-00A0C91BC942}") = "NodeBase", "NodeBase\NodeBase.vcxproj", "{6821BD88-9A32-4FD2-9494-A8CF54E4055F}"
EndProject
Project("{8BC9CEB8-8B4A-11D0-8D11-00A0C91BC942}") = "FuncLibrary", "FuncLibrary\FuncLibrary.vcxproj", "{98EB94E7-5297-4251-9F3A-9BF021CA7BCE}"
EndProject
Project("{8BC9CEB8-8B4A-11D0-8D11-00A0C91BC942}") = "Processor", "Processor\Processor.vcxproj", "{8BF6C140-3509-48C5-8426-0DB5FA327F2D}"
	ProjectSection(ProjectDependencies) = postProject
		{6821BD88-9A32-4FD2-9494-A8CF54E4055F} = {6821BD88-9A32-4FD2-9494-A8CF54E4055F}
	EndProjectSection
EndProject
Project("{8BC9CEB8-8B4A-11D0-8D11-00A0C91BC942}") = "Log", "Log\Log.vcxproj", "{45B337A8-E1AC-442A-975E-BB49CE1A4CE9}"
	ProjectSection(ProjectDependencies) = postProject
		{6821BD88-9A32-4FD2-9494-A8CF54E4055F} = {6821BD88-9A32-4FD2-9494-A8CF54E4055F}
	EndProjectSection
EndProject
Project("{8BC9CEB8-8B4A-11D0-8D11-00A0C91BC942}") = "Simulator", "Simulator\Simulator.vcxproj", "{4D95E369-5EDE-4668-9415-0A0F4C84028A}"
	ProjectSection(ProjectDependencies) = postProject
		{6821BD88-9A32-4FD2-9494-A8CF54E4055F} = {6821BD88-9A32-4FD2-9494-A8CF54E4055F}
	EndProjectSection
EndProject
Project("{8BC9CEB8-8B4A-11D0-8D11-00A0C91BC942}") = "Fusion", "Fusion\Fusion.vcxproj", "{CC8DA9A2-538B-49CC-A74A-8CB9B31C49E5}"
	ProjectSection(ProjectDependencies) = postProject
		{6821BD88-9A32-4FD2-9494-A8CF54E4055F} = {6821BD88-9A32-4FD2-9494-A8CF54E4055F}
	EndProjectSection
EndProject
Project("{8BC9CEB8-8B4A-11D0-8D11-00A0C91BC942}") = "Transmitter", "Transmitter\Transmitter.vcxproj", "{360A34AE-5C9C-49BB-A2D9-5321BECA5214}"
	ProjectSection(ProjectDependencies) = postProject
		{6821BD88-9A32-4FD2-9494-A8CF54E4055F} = {6821BD88-9A32-4FD2-9494-A8CF54E4055F}
	EndProjectSection
EndProject
Project("{2150E333-8FDC-42A3-9474-1A3956D46DE8}") = "Kernel", "Kernel", "{37AF41B0-73C2-4876-984C-3403F56C7FB1}"
EndProject
Project("{8BC9CEB8-8B4A-11D0-8D11-00A0C91BC942}") = "Distribution", "Distribution\Distribution.vcxproj", "{A04DC09A-E8D7-440E-B917-681C4D9E733A}"
	ProjectSection(ProjectDependencies) = postProject
		{6821BD88-9A32-4FD2-9494-A8CF54E4055F} = {6821BD88-9A32-4FD2-9494-A8CF54E4055F}
	EndProjectSection
EndProject
Project("{8BC9CEB8-8B4A-11D0-8D11-00A0C91BC942}") = "Communicator", "Communicator\Communicator.vcxproj", "{B82B1143-547B-4FD7-82DF-1F33F39ACFE0}"
EndProject
Global
	GlobalSection(SolutionConfigurationPlatforms) = preSolution
		Debug|Win32 = Debug|Win32
		Debug|x64 = Debug|x64
		Release|Win32 = Release|Win32
		Release|x64 = Release|x64
	EndGlobalSection
	GlobalSection(ProjectConfigurationPlatforms) = postSolution
		{505FAD3A-419D-474D-A0E7-012A7EFA6F83}.Debug|Win32.ActiveCfg = Debug|Win32
		{505FAD3A-419D-474D-A0E7-012A7EFA6F83}.Debug|Win32.Build.0 = Debug|Win32
		{505FAD3A-419D-474D-A0E7-012A7EFA6F83}.Debug|x64.ActiveCfg = Debug|x64
		{505FAD3A-419D-474D-A0E7-012A7EFA6F83}.Debug|x64.Build.0 = Debug|x64
		{505FAD3A-419D-474D-A0E7-012A7EFA6F83}.Release|Win32.ActiveCfg = Release|Win32
		{505FAD3A-419D-474D-A0E7-012A7EFA6F83}.Release|Win32.Build.0 = Release|Win32
		{505FAD3A-419D-474D-A0E7-012A7EFA6F83}.Release|x64.ActiveCfg = Release|x64
		{505FAD3A-419D-474D-A0E7-012A7EFA6F83}.Release|x64.Build.0 = Release|x64
		{16C8FFA7-6A25-430D-8CB0-9D7FE7FD03AB}.Debug|Win32.ActiveCfg = Debug|Win32
		{16C8FFA7-6A25-430D-8CB0-9D7FE7FD03AB}.Debug|Win32.Build.0 = Debug|Win32
		{16C8FFA7-6A25-430D-8CB0-9D7FE7FD03AB}.Debug|x64.ActiveCfg = Debug|x64
		{16C8FFA7-6A25-430D-8CB0-9D7FE7FD03AB}.Debug|x64.Build.0 = Debug|x64
		{16C8FFA7-6A25-430D-8CB0-9D7FE7FD03AB}.Release|Win32.ActiveCfg = Release|Win32
		{16C8FFA7-6A25-430D-8CB0-9D7FE7FD03AB}.Release|Win32.Build.0 = Release|Win32
		{16C8FFA7-6A25-430D-8CB0-9D7FE7FD03AB}.Release|x64.ActiveCfg = Release|x64
		{16C8FFA7-6A25-430D-8CB0-9D7FE7FD03AB}.Release|x64.Build.0 = Release|x64
		{6821BD88-9A32-4FD2-9494-A8CF54E4055F}.Debug|Win32.ActiveCfg = Debug|Win32
		{6821BD88-9A32-4FD2-9494-A8CF54E4055F}.Debug|Win32.Build.0 = Debug|Win32
		{6821BD88-9A32-4FD2-9494-A8CF54E4055F}.Debug|x64.ActiveCfg = Debug|x64
		{6821BD88-9A32-4FD2-9494-A8CF54E4055F}.Debug|x64.Build.0 = Debug|x64
		{6821BD88-9A32-4FD2-9494-A8CF54E4055F}.Release|Win32.ActiveCfg = Release|Win32
		{6821BD88-9A32-4FD2-9494-A8CF54E4055F}.Release|Win32.Build.0 = Release|Win32
		{6821BD88-9A32-4FD2-9494-A8CF54E4055F}.Release|x64.ActiveCfg = Release|x64
		{6821BD88-9A32-4FD2-9494-A8CF54E4055F}.Release|x64.Build.0 = Release|x64
		{98EB94E7-5297-4251-9F3A-9BF021CA7BCE}.Debug|Win32.ActiveCfg = Debug|Win32
		{98EB94E7-5297-4251-9F3A-9BF021CA7BCE}.Debug|Win32.Build.0 = Debug|Win32
		{98EB94E7-5297-4251-9F3A-9BF021CA7BCE}.Debug|x64.ActiveCfg = Debug|x64
		{98EB94E7-5297-4251-9F3A-9BF021CA7BCE}.Release|Win32.ActiveCfg = Release|Win32
		{98EB94E7-5297-4251-9F3A-9BF021CA7BCE}.Release|Win32.Build.0 = Release|Win32
		{98EB94E7-5297-4251-9F3A-9BF021CA7BCE}.Release|x64.ActiveCfg = Release|Win32
		{8BF6C140-3509-48C5-8426-0DB5FA327F2D}.Debug|Win32.ActiveCfg = Debug|Win32
		{8BF6C140-3509-48C5-8426-0DB5FA327F2D}.Debug|Win32.Build.0 = Debug|Win32
		{8BF6C140-3509-48C5-8426-0DB5FA327F2D}.Debug|x64.ActiveCfg = Debug|x64
		{8BF6C140-3509-48C5-8426-0DB5FA327F2D}.Debug|x64.Build.0 = Debug|x64
		{8BF6C140-3509-48C5-8426-0DB5FA327F2D}.Release|Win32.ActiveCfg = Release|Win32
		{8BF6C140-3509-48C5-8426-0DB5FA327F2D}.Release|Win32.Build.0 = Release|Win32
		{8BF6C140-3509-48C5-8426-0DB5FA327F2D}.Release|x64.ActiveCfg = Release|x64
		{8BF6C140-3509-48C5-8426-0DB5FA327F2D}.Release|x64.Build.0 = Release|x64
		{45B337A8-E1AC-442A-975E-BB49CE1A4CE9}.Debug|Win32.ActiveCfg = Debug|Win32
		{45B337A8-E1AC-442A-975E-BB49CE1A4CE9}.Debug|Win32.Build.0 = Debug|Win32
		{45B337A8-E1AC-442A-975E-BB49CE1A4CE9}.Debug|x64.ActiveCfg = Debug|x64
		{45B337A8-E1AC-442A-975E-BB49CE1A4CE9}.Debug|x64.Build.0 = Debug|x64
		{45B337A8-E1AC-442A-975E-BB49CE1A4CE9}.Release|Win32.ActiveCfg = Release|Win32
		{45B337A8-E1AC-442A-975E-BB49CE1A4CE9}.Release|Win32.Build.0 = Release|Win32
		{45B337A8-E1AC-442A-975E-BB49CE1A4CE9}.Release|x64.ActiveCfg = Release|x64
		{45B337A8-E1AC-442A-975E-BB49CE1A4CE9}.Release|x64.Build.0 = Release|x64
		{4D95E369-5EDE-4668-9415-0A0F4C84028A}.Debug|Win32.ActiveCfg = Debug|Win32
		{4D95E369-5EDE-4668-9415-0A0F4C84028A}.Debug|Win32.Build.0 = Debug|Win32
		{4D95E369-5EDE-4668-9415-0A0F4C84028A}.Debug|x64.ActiveCfg = Debug|x64
		{4D95E369-5EDE-4668-9415-0A0F4C84028A}.Debug|x64.Build.0 = Debug|x64
		{4D95E369-5EDE-4668-9415-0A0F4C84028A}.Release|Win32.ActiveCfg = Release|Win32
		{4D95E369-5EDE-4668-9415-0A0F4C84028A}.Release|Win32.Build.0 = Release|Win32
		{4D95E369-5EDE-4668-9415-0A0F4C84028A}.Release|x64.ActiveCfg = Release|x64
		{4D95E369-5EDE-4668-9415-0A0F4C84028A}.Release|x64.Build.0 = Release|x64
		{CC8DA9A2-538B-49CC-A74A-8CB9B31C49E5}.Debug|Win32.ActiveCfg = Debug|Win32
		{CC8DA9A2-538B-49CC-A74A-8CB9B31C49E5}.Debug|Win32.Build.0 = Debug|Win32
		{CC8DA9A2-538B-49CC-A74A-8CB9B31C49E5}.Debug|x64.ActiveCfg = Debug|x64
		{CC8DA9A2-538B-49CC-A74A-8CB9B31C49E5}.Debug|x64.Build.0 = Debug|x64
		{CC8DA9A2-538B-49CC-A74A-8CB9B31C49E5}.Release|Win32.ActiveCfg = Release|Win32
		{CC8DA9A2-538B-49CC-A74A-8CB9B31C49E5}.Release|Win32.Build.0 = Release|Win32
		{CC8DA9A2-538B-49CC-A74A-8CB9B31C49E5}.Release|x64.ActiveCfg = Release|x64
		{CC8DA9A2-538B-49CC-A74A-8CB9B31C49E5}.Release|x64.Build.0 = Release|x64
		{360A34AE-5C9C-49BB-A2D9-5321BECA5214}.Debug|Win32.ActiveCfg = Debug|Win32
		{360A34AE-5C9C-49BB-A2D9-5321BECA5214}.Debug|Win32.Build.0 = Debug|Win32
		{360A34AE-5C9C-49BB-A2D9-5321BECA5214}.Debug|x64.ActiveCfg = Debug|x64
		{360A34AE-5C9C-49BB-A2D9-5321BECA5214}.Debug|x64.Build.0 = Debug|x64
		{360A34AE-5C9C-49BB-A2D9-5321BECA5214}.Release|Win32.ActiveCfg = Release|Win32
		{360A34AE-5C9C-49BB-A2D9-5321BECA5214}.Release|Win32.Build.0 = Release|Win32
		{360A34AE-5C9C-49BB-A2D9-5321BECA5214}.Release|x64.ActiveCfg = Release|x64
		{360A34AE-5C9C-49BB-A2D9-5321BECA5214}.Release|x64.Build.0 = Release|x64
		{A04DC09A-E8D7-440E-B917-681C4D9E733A}.Debug|Win32.ActiveCfg = Debug|Win32
		{A04DC09A-E8D7-440E-B917-681C4D9E733A}.Debug|Win32.Build.0 = Debug|Win32
		{A04DC09A-E8D7-440E-B917-681C4D9E733A}.Debug|x64.ActiveCfg = Debug|x64
		{A04DC09A-E8D7-440E-B917-681C4D9E733A}.Debug|x64.Build.0 = Debug|x64
		{A04DC09A-E8D7-440E-B917-681C4D9E733A}.Release|Win32.ActiveCfg = Release|Win32
		{A04DC09A-E8D7-440E-B917-681C4D9E733A}.Release|Win32.Build.0 = Release|Win32
		{A04DC09A-E8D7-440E-B917-681C4D9E733A}.Release|x64.ActiveCfg = Release|x64
		{A04DC09A-E8D7-440E-B917-681C4D9E733A}.Release|x64.Build.0 = Release|x64
		{B82B1143-547B-4FD7-82DF-1F33F39ACFE0}.Debug|Win32.ActiveCfg = Debug|Win32
		{B82B1143-547B-4FD7-82DF-1F33F39ACFE0}.Debug|Win32.Build.0 = Debug|Win32
		{B82B1143-547B-4FD7-82DF-1F33F39ACFE0}.Debug|x64.ActiveCfg = Debug|x64
		{B82B1143-547B-4FD7-82DF-1F33F39ACFE0}.Debug|x64.Build.0 = Debug|x64
		{B82B1143-547B-4FD7-82DF-1F33F39ACFE0}.Release|Win32.ActiveCfg = Release|Win32
		{B82B1143-547B-4FD7-82DF-1F33F39ACFE0}.Release|Win32.Build.0 = Release|Win32
		{B82B1143-547B-4FD7-82DF-1F33F39ACFE0}.Release|x64.ActiveCfg = Release|x64
		{B82B1143-547B-4FD7-82DF-1F33F39ACFE0}.Release|x64.Build.0 = Release|x64
	EndGlobalSection
	GlobalSection(SolutionProperties) = preSolution
		HideSolutionNode = FALSE
	EndGlobalSection
	GlobalSection(NestedProjects) = preSolution
		{98EB94E7-5297-4251-9F3A-9BF021CA7BCE} = {37AF41B0-73C2-4876-984C-3403F56C7FB1}
		{6821BD88-9A32-4FD2-9494-A8CF54E4055F} = {37AF41B0-73C2-4876-984C-3403F56C7FB1}
	EndGlobalSection
	GlobalSection(ExtensibilityGlobals) = postSolution
		QtVersion = qt-4.8.5
	EndGlobalSection
EndGlobal
